
Microsoft Visual Studio Solution File, Format Version 12.00
# Visual Studio Version 17
VisualStudioVersion = 17.0.31903.59
MinimumVisualStudioVersion = 10.0.40219.1
Project("{FAE04EC0-301F-11D3-BF4B-00C04F79EFBC}") = "AnimLib", "AnimLib\AnimLib.csproj", "{2733DF25-3133-4F7F-AC30-598FDB065E1F}"
EndProject
Project("{2150E333-8FDC-42A3-9474-1A3956D46DE8}") = "AnimLib.Libs", "AnimLib.Libs", "{E5674620-A32A-4448-AD21-6D0E5A0BED59}"
EndProject
Project("{2150E333-8FDC-42A3-9474-1A3956D46DE8}") = "ImGui.NET", "ImGui.NET", "{0F16C015-F414-465A-A767-6C4E8E42FC86}"
EndProject
Project("{2150E333-8FDC-42A3-9474-1A3956D46DE8}") = "src", "src", "{90C15015-66D9-406B-8CF2-3A0FDDF3583C}"
EndProject
Project("{FAE04EC0-301F-11D3-BF4B-00C04F79EFBC}") = "ImGui.NET", "AnimLib.Libs\ImGui.NET\src\ImGui.NET\ImGui.NET.csproj", "{50E0102E-349E-4D2F-9F4E-2F7EDFE1FDE1}"
EndProject
Project("{FAE04EC0-301F-11D3-BF4B-00C04F79EFBC}") = "AnimLib.Resources", "AnimLib.Resources\AnimLib.Resources.csproj", "{E167FE47-BEEF-4075-979E-A619EAB5FA2A}"
EndProject
Project("{FAE04EC0-301F-11D3-BF4B-00C04F79EFBC}") = "AnimLib.Tests", "AnimLib.Tests\AnimLib.Tests.csproj", "{4F637761-70A7-416A-B4D3-805F57B1354E}"
EndProject
Global
	GlobalSection(SolutionConfigurationPlatforms) = preSolution
		Debug|Any CPU = Debug|Any CPU
		Release|Any CPU = Release|Any CPU
	EndGlobalSection
	GlobalSection(SolutionProperties) = preSolution
		HideSolutionNode = FALSE
	EndGlobalSection
	GlobalSection(ProjectConfigurationPlatforms) = postSolution
		{2733DF25-3133-4F7F-AC30-598FDB065E1F}.Debug|Any CPU.ActiveCfg = Debug|Any CPU
		{2733DF25-3133-4F7F-AC30-598FDB065E1F}.Debug|Any CPU.Build.0 = Debug|Any CPU
		{2733DF25-3133-4F7F-AC30-598FDB065E1F}.Release|Any CPU.ActiveCfg = Release|Any CPU
		{2733DF25-3133-4F7F-AC30-598FDB065E1F}.Release|Any CPU.Build.0 = Release|Any CPU
		{50E0102E-349E-4D2F-9F4E-2F7EDFE1FDE1}.Debug|Any CPU.ActiveCfg = Debug|Any CPU
		{50E0102E-349E-4D2F-9F4E-2F7EDFE1FDE1}.Debug|Any CPU.Build.0 = Debug|Any CPU
		{50E0102E-349E-4D2F-9F4E-2F7EDFE1FDE1}.Release|Any CPU.ActiveCfg = Release|Any CPU
		{50E0102E-349E-4D2F-9F4E-2F7EDFE1FDE1}.Release|Any CPU.Build.0 = Release|Any CPU
		{E167FE47-BEEF-4075-979E-A619EAB5FA2A}.Debug|Any CPU.ActiveCfg = Debug|Any CPU
		{E167FE47-BEEF-4075-979E-A619EAB5FA2A}.Debug|Any CPU.Build.0 = Debug|Any CPU
		{E167FE47-BEEF-4075-979E-A619EAB5FA2A}.Release|Any CPU.ActiveCfg = Release|Any CPU
		{E167FE47-BEEF-4075-979E-A619EAB5FA2A}.Release|Any CPU.Build.0 = Release|Any CPU
		{4F637761-70A7-416A-B4D3-805F57B1354E}.Debug|Any CPU.ActiveCfg = Debug|Any CPU
		{4F637761-70A7-416A-B4D3-805F57B1354E}.Debug|Any CPU.Build.0 = Debug|Any CPU
		{4F637761-70A7-416A-B4D3-805F57B1354E}.Release|Any CPU.ActiveCfg = Release|Any CPU
		{4F637761-70A7-416A-B4D3-805F57B1354E}.Release|Any CPU.Build.0 = Release|Any CPU
	EndGlobalSection
	GlobalSection(NestedProjects) = preSolution
		{0F16C015-F414-465A-A767-6C4E8E42FC86} = {E5674620-A32A-4448-AD21-6D0E5A0BED59}
		{90C15015-66D9-406B-8CF2-3A0FDDF3583C} = {0F16C015-F414-465A-A767-6C4E8E42FC86}
		{50E0102E-349E-4D2F-9F4E-2F7EDFE1FDE1} = {90C15015-66D9-406B-8CF2-3A0FDDF3583C}
	EndGlobalSection
EndGlobal
